PODS:
  - Alamofire (5.4.3)
  - RxSwift (6.2.0)

DEPENDENCIES:
  - Alamofire (~> 5)
  - RxSwift (~> 6)

SPEC REPOS:
  trunk:
    - Alamofire
    - RxSwift

SPEC CHECKSUMS:
  Alamofire: e447a2774a40c996748296fa2c55112fdbbc42f9
  RxSwift: d356ab7bee873611322f134c5f9ef379fa183d8f

PODFILE CHECKSUM: 3f2356a683b5c05d3f8aed1c79bb90d7a02bd05b

COCOAPODS: 1.10.1
